
Microsoft Visual Studio Solution File, Format Version 12.00
# Visual Studio Version 17
VisualStudioVersion = 17.7.34221.43
MinimumVisualStudioVersion = 10.0.40219.1
Project("{FAE04EC0-301F-11D3-BF4B-00C04F79EFBC}") = "Assignment14", "Assignment14\Assignment14.csproj", "{9049D8AB-F716-4371-8915-E145D5E3D33D}"
EndProject
Global
	GlobalSection(SolutionConfigurationPlatforms) = preSolution
		Debug|Any CPU = Debug|Any CPU
		Release|Any CPU = Release|Any CPU
	EndGlobalSection
	GlobalSection(ProjectConfigurationPlatforms) = postSolution
		{9049D8AB-F716-4371-8915-E145D5E3D33D}.Debug|Any CPU.ActiveCfg = Debug|Any CPU
		{9049D8AB-F716-4371-8915-E145D5E3D33D}.Debug|Any CPU.Build.0 = Debug|Any CPU
		{9049D8AB-F716-4371-8915-E145D5E3D33D}.Release|Any CPU.ActiveCfg = Release|Any CPU
		{9049D8AB-F716-4371-8915-E145D5E3D33D}.Release|Any CPU.Build.0 = Release|Any CPU
	EndGlobalSection
	GlobalSection(SolutionProperties) = preSolution
		HideSolutionNode = FALSE
	EndGlobalSection
	GlobalSection(ExtensibilityGlobals) = postSolution
		SolutionGuid = {31BA3092-1421-4F44-9412-43278DED863D}
	EndGlobalSection
EndGlobal
